
Microsoft Visual Studio Solution File, Format Version 11.00
# Visual Studio 2010
Project("{FAE04EC0-301F-11D3-BF4B-00C04F79EFBC}") = "SideScrollShooter", "SideScrollShooter\SideScrollShooter\SideScrollShooter.csproj", "{F45E7A89-6F4D-4723-8C40-557AC3EB1984}"
EndProject
Project("{96E2B04D-8817-42C6-938A-82C39BA4D311}") = "SideScrollShooterContent", "SideScrollShooter\SideScrollShooterContent\SideScrollShooterContent.contentproj", "{EEC4EDBD-242B-4225-8799-93C091802411}"
EndProject
Global
	GlobalSection(SolutionConfigurationPlatforms) = preSolution
		Debug|x86 = Debug|x86
		Release|x86 = Release|x86
	EndGlobalSection
	GlobalSection(ProjectConfigurationPlatforms) = postSolution
		{F45E7A89-6F4D-4723-8C40-557AC3EB1984}.Debug|x86.ActiveCfg = Debug|x86
		{F45E7A89-6F4D-4723-8C40-557AC3EB1984}.Debug|x86.Build.0 = Debug|x86
		{F45E7A89-6F4D-4723-8C40-557AC3EB1984}.Release|x86.ActiveCfg = Release|x86
		{F45E7A89-6F4D-4723-8C40-557AC3EB1984}.Release|x86.Build.0 = Release|x86
		{EEC4EDBD-242B-4225-8799-93C091802411}.Debug|x86.ActiveCfg = Debug|x86
		{EEC4EDBD-242B-4225-8799-93C091802411}.Release|x86.ActiveCfg = Release|x86
	EndGlobalSection
	GlobalSection(SolutionProperties) = preSolution
		HideSolutionNode = FALSE
	EndGlobalSection
EndGlobal
